
Microsoft Visual Studio Solution File, Format Version 12.00
# Visual Studio Version 17
VisualStudioVersion = 17.8.34525.116
MinimumVisualStudioVersion = 10.0.40219.1
Project("{FAE04EC0-301F-11D3-BF4B-00C04F79EFBC}") = "FormulaOne.API", "FormulaOne.API\FormulaOne.API.csproj", "{F51106F9-E7BE-4AB8-8E50-294C0CEC988F}"
EndProject
Global
	GlobalSection(SolutionConfigurationPlatforms) = preSolution
		Debug|Any CPU = Debug|Any CPU
		Release|Any CPU = Release|Any CPU
	EndGlobalSection
	GlobalSection(ProjectConfigurationPlatforms) = postSolution
		{F51106F9-E7BE-4AB8-8E50-294C0CEC988F}.Debug|Any CPU.ActiveCfg = Debug|Any CPU
		{F51106F9-E7BE-4AB8-8E50-294C0CEC988F}.Debug|Any CPU.Build.0 = Debug|Any CPU
		{F51106F9-E7BE-4AB8-8E50-294C0CEC988F}.Release|Any CPU.ActiveCfg = Release|Any CPU
		{F51106F9-E7BE-4AB8-8E50-294C0CEC988F}.Release|Any CPU.Build.0 = Release|Any CPU
	EndGlobalSection
	GlobalSection(SolutionProperties) = preSolution
		HideSolutionNode = FALSE
	EndGlobalSection
	GlobalSection(ExtensibilityGlobals) = postSolution
		SolutionGuid = {9D33AED6-02EC-4E6F-A6EF-F99F3A8EF98B}
	EndGlobalSection
EndGlobal
